
Microsoft Visual Studio Solution File, Format Version 12.00
# Visual Studio Version 17
VisualStudioVersion = 17.9.34701.34
MinimumVisualStudioVersion = 10.0.40219.1
Project("{9A19103F-16F7-4668-BE54-9A1E7A4F7556}") = "User Service", "User Service\User Service.csproj", "{03975ADD-939D-43E9-AE5F-9F71F48D1EC3}"
EndProject
Project("{E53339B2-1760-4266-BCC7-CA923CBCF16C}") = "docker-compose", "docker-compose.dcproj", "{A7BA72F7-C492-4EC0-BB9B-CB982E4D79B7}"
EndProject
Project("{FAE04EC0-301F-11D3-BF4B-00C04F79EFBC}") = "UserServiceTests", "..\UserServiceTests\UserServiceTests.csproj", "{ED646CA0-D5CD-4AB4-8079-79629BB26BF8}"
EndProject
Global
	GlobalSection(SolutionConfigurationPlatforms) = preSolution
		Debug|Any CPU = Debug|Any CPU
		Release|Any CPU = Release|Any CPU
	EndGlobalSection
	GlobalSection(ProjectConfigurationPlatforms) = postSolution
		{03975ADD-939D-43E9-AE5F-9F71F48D1EC3}.Debug|Any CPU.ActiveCfg = Debug|Any CPU
		{03975ADD-939D-43E9-AE5F-9F71F48D1EC3}.Debug|Any CPU.Build.0 = Debug|Any CPU
		{03975ADD-939D-43E9-AE5F-9F71F48D1EC3}.Release|Any CPU.ActiveCfg = Release|Any CPU
		{03975ADD-939D-43E9-AE5F-9F71F48D1EC3}.Release|Any CPU.Build.0 = Release|Any CPU
		{A7BA72F7-C492-4EC0-BB9B-CB982E4D79B7}.Debug|Any CPU.ActiveCfg = Debug|Any CPU
		{A7BA72F7-C492-4EC0-BB9B-CB982E4D79B7}.Debug|Any CPU.Build.0 = Debug|Any CPU
		{A7BA72F7-C492-4EC0-BB9B-CB982E4D79B7}.Release|Any CPU.ActiveCfg = Release|Any CPU
		{A7BA72F7-C492-4EC0-BB9B-CB982E4D79B7}.Release|Any CPU.Build.0 = Release|Any CPU
		{ED646CA0-D5CD-4AB4-8079-79629BB26BF8}.Debug|Any CPU.ActiveCfg = Debug|Any CPU
		{ED646CA0-D5CD-4AB4-8079-79629BB26BF8}.Debug|Any CPU.Build.0 = Debug|Any CPU
		{ED646CA0-D5CD-4AB4-8079-79629BB26BF8}.Release|Any CPU.ActiveCfg = Release|Any CPU
		{ED646CA0-D5CD-4AB4-8079-79629BB26BF8}.Release|Any CPU.Build.0 = Release|Any CPU
	EndGlobalSection
	GlobalSection(SolutionProperties) = preSolution
		HideSolutionNode = FALSE
	EndGlobalSection
	GlobalSection(ExtensibilityGlobals) = postSolution
		SolutionGuid = {AE518BA9-6677-4BB0-9BB5-8FF26C7202DB}
	EndGlobalSection
EndGlobal
